
Microsoft Visual Studio Solution File, Format Version 12.00
# Visual Studio Version 17
VisualStudioVersion = 17.13.35919.96 d17.13
MinimumVisualStudioVersion = 10.0.40219.1
Project("{FAE04EC0-301F-11D3-BF4B-00C04F79EFBC}") = "TodoAppSnowlyCode", "TodoAppSnowlyCode\TodoAppSnowlyCode.csproj", "{0DB9FF4F-BBB8-4EA1-8AB8-5EDD67FD5A2B}"
EndProject
Project("{FAE04EC0-301F-11D3-BF4B-00C04F79EFBC}") = "TodoAppSnowlyCode.Business", "TodoAppSnowlyCode.Business\TodoAppSnowlyCode.Business.csproj", "{70BB853F-D8F6-46CF-9646-6B40F71C2F24}"
EndProject
Project("{FAE04EC0-301F-11D3-BF4B-00C04F79EFBC}") = "TodoAppSnowlyCode.Data", "TodoAppSnowlyCode.Data\TodoAppSnowlyCode.Data.csproj", "{C54AE271-1174-48B4-899F-52818A9DF666}"
EndProject
Global
	GlobalSection(SolutionConfigurationPlatforms) = preSolution
		Debug|Any CPU = Debug|Any CPU
		Release|Any CPU = Release|Any CPU
	EndGlobalSection
	GlobalSection(ProjectConfigurationPlatforms) = postSolution
		{0DB9FF4F-BBB8-4EA1-8AB8-5EDD67FD5A2B}.Debug|Any CPU.ActiveCfg = Debug|Any CPU
		{0DB9FF4F-BBB8-4EA1-8AB8-5EDD67FD5A2B}.Debug|Any CPU.Build.0 = Debug|Any CPU
		{0DB9FF4F-BBB8-4EA1-8AB8-5EDD67FD5A2B}.Release|Any CPU.ActiveCfg = Release|Any CPU
		{0DB9FF4F-BBB8-4EA1-8AB8-5EDD67FD5A2B}.Release|Any CPU.Build.0 = Release|Any CPU
		{70BB853F-D8F6-46CF-9646-6B40F71C2F24}.Debug|Any CPU.ActiveCfg = Debug|Any CPU
		{70BB853F-D8F6-46CF-9646-6B40F71C2F24}.Debug|Any CPU.Build.0 = Debug|Any CPU
		{70BB853F-D8F6-46CF-9646-6B40F71C2F24}.Release|Any CPU.ActiveCfg = Release|Any CPU
		{70BB853F-D8F6-46CF-9646-6B40F71C2F24}.Release|Any CPU.Build.0 = Release|Any CPU
		{C54AE271-1174-48B4-899F-52818A9DF666}.Debug|Any CPU.ActiveCfg = Debug|Any CPU
		{C54AE271-1174-48B4-899F-52818A9DF666}.Debug|Any CPU.Build.0 = Debug|Any CPU
		{C54AE271-1174-48B4-899F-52818A9DF666}.Release|Any CPU.ActiveCfg = Release|Any CPU
		{C54AE271-1174-48B4-899F-52818A9DF666}.Release|Any CPU.Build.0 = Release|Any CPU
	EndGlobalSection
	GlobalSection(SolutionProperties) = preSolution
		HideSolutionNode = FALSE
	EndGlobalSection
	GlobalSection(ExtensibilityGlobals) = postSolution
		SolutionGuid = {E4629092-32B9-47C9-9E58-F1C11F3EF5B3}
	EndGlobalSection
EndGlobal
